{
  "version": 4,
  "terraform_version": "1.5.7",
  "serial": 56,
  "lineage": "c861b4d8-7eab-de88-b191-3a04f1ed9873",
  "outputs": {},
  "resources": [
    {
      "mode": "managed",
      "type": "kubernetes_ingress_v1",
      "name": "app_ingress",
      "provider": "provider[\"registry.terraform.io/hashicorp/kubernetes\"]",
      "instances": [
        {
          "schema_version": 0,
          "attributes": {
            "id": "app/app-ingress",
            "metadata": [
              {
                "annotations": {
                  "nginx.ingress.kubernetes.io/rewrite-target": "/"
                },
                "generate_name": "",
                "generation": 1,
                "labels": {
                  "app": "app"
                },
                "name": "app-ingress",
                "namespace": "app",
                "resource_version": "73468",
                "uid": "1bbe02e2-8ea4-4bcd-9da3-13d53912a4e5"
              }
            ],
            "spec": [
              {
                "default_backend": [],
                "ingress_class_name": "nginx",
                "rule": [
                  {
                    "host": "web-app.local",
                    "http": [
                      {
                        "path": [
                          {
                            "backend": [
                              {
                                "resource": [],
                                "service": [
                                  {
                                    "name": "app-service",
                                    "port": [
                                      {
                                        "name": "",
                                        "number": 80
                                      }
                                    ]
                                  }
                                ]
                              }
                            ],
                            "path": "/",
                            "path_type": "Prefix"
                          }
                        ]
                      }
                    ]
                  }
                ],
                "tls": [
                  {
                    "hosts": [
                      "web-app.local"
                    ],
                    "secret_name": "app-secret"
                  }
                ]
              }
            ],
            "status": [
              {
                "load_balancer": [
                  {
                    "ingress": [
                      {
                        "hostname": "",
                        "ip": "192.168.49.2"
                      }
                    ]
                  }
                ]
              }
            ],
            "timeouts": null,
            "wait_for_load_balancer": null
          },
          "sensitive_attributes": [],
          "private": "eyJlMmJmYjczMC1lY2FhLTExZTYtOGY4OC0zNDM2M2JjN2M0YzAiOnsiY3JlYXRlIjoxMjAwMDAwMDAwMDAwLCJkZWxldGUiOjEyMDAwMDAwMDAwMDB9fQ==",
          "dependencies": [
            "kubernetes_namespace.app",
            "kubernetes_service.app_service"
          ]
        }
      ]
    },
    {
      "mode": "managed",
      "type": "kubernetes_namespace",
      "name": "app",
      "provider": "provider[\"registry.terraform.io/hashicorp/kubernetes\"]",
      "instances": [
        {
          "schema_version": 0,
          "attributes": {
            "id": "app",
            "metadata": [
              {
                "annotations": {},
                "generate_name": "",
                "generation": 0,
                "labels": {},
                "name": "app",
                "resource_version": "73300",
                "uid": "d811d62b-6e2e-41ae-b151-8c6b204afa64"
              }
            ],
            "timeouts": null,
            "wait_for_default_service_account": false
          },
          "sensitive_attributes": [],
          "private": "eyJlMmJmYjczMC1lY2FhLTExZTYtOGY4OC0zNDM2M2JjN2M0YzAiOnsiZGVsZXRlIjozMDAwMDAwMDAwMDB9fQ=="
        }
      ]
    },
    {
      "mode": "managed",
      "type": "kubernetes_persistent_volume",
      "name": "mysql_pv",
      "provider": "provider[\"registry.terraform.io/hashicorp/kubernetes\"]",
      "instances": [
        {
          "schema_version": 0,
          "attributes": {
            "id": "mysql-pv",
            "metadata": [
              {
                "annotations": {},
                "generation": 0,
                "labels": {},
                "name": "mysql-pv",
                "resource_version": "73309",
                "uid": "19b53d1d-23c2-4864-9612-4c0a059a4196"
              }
            ],
            "spec": [
              {
                "access_modes": [
                  "ReadWriteOnce"
                ],
                "capacity": {
                  "storage": "1Gi"
                },
                "claim_ref": [
                  {
                    "name": "mysql-pvc",
                    "namespace": "app"
                  }
                ],
                "mount_options": [],
                "node_affinity": [],
                "persistent_volume_reclaim_policy": "Retain",
                "persistent_volume_source": [
                  {
                    "aws_elastic_block_store": [],
                    "azure_disk": [],
                    "azure_file": [],
                    "ceph_fs": [],
                    "cinder": [],
                    "csi": [],
                    "fc": [],
                    "flex_volume": [],
                    "flocker": [],
                    "gce_persistent_disk": [],
                    "glusterfs": [],
                    "host_path": [
                      {
                        "path": "/mnt/data/mysql",
                        "type": ""
                      }
                    ],
                    "iscsi": [],
                    "local": [],
                    "nfs": [],
                    "photon_persistent_disk": [],
                    "quobyte": [],
                    "rbd": [],
                    "vsphere_volume": []
                  }
                ],
                "storage_class_name": "manual",
                "volume_mode": "Filesystem"
              }
            ],
            "timeouts": null
          },
          "sensitive_attributes": [],
          "private": "eyJlMmJmYjczMC1lY2FhLTExZTYtOGY4OC0zNDM2M2JjN2M0YzAiOnsiY3JlYXRlIjozMDAwMDAwMDAwMDB9fQ=="
        }
      ]
    },
    {
      "mode": "managed",
      "type": "kubernetes_persistent_volume_claim",
      "name": "mysql_pvc",
      "provider": "provider[\"registry.terraform.io/hashicorp/kubernetes\"]",
      "instances": [
        {
          "schema_version": 0,
          "attributes": {
            "id": "app/mysql-pvc",
            "metadata": [
              {
                "annotations": {},
                "generate_name": "",
                "generation": 0,
                "labels": {},
                "name": "mysql-pvc",
                "namespace": "app",
                "resource_version": "73314",
                "uid": "8dc600c4-b8be-4c0d-90b2-8f2b5e08618a"
              }
            ],
            "spec": [
              {
                "access_modes": [
                  "ReadWriteOnce"
                ],
                "resources": [
                  {
                    "limits": {},
                    "requests": {
                      "storage": "500Mi"
                    }
                  }
                ],
                "selector": [],
                "storage_class_name": "manual",
                "volume_mode": "Filesystem",
                "volume_name": "mysql-pv"
              }
            ],
            "timeouts": null,
            "wait_until_bound": true
          },
          "sensitive_attributes": [],
          "private": "eyJlMmJmYjczMC1lY2FhLTExZTYtOGY4OC0zNDM2M2JjN2M0YzAiOnsiY3JlYXRlIjozMDAwMDAwMDAwMDB9fQ==",
          "dependencies": [
            "kubernetes_namespace.app"
          ]
        }
      ]
    },
    {
      "mode": "managed",
      "type": "kubernetes_secret",
      "name": "db_password",
      "provider": "provider[\"registry.terraform.io/hashicorp/kubernetes\"]",
      "instances": [
        {
          "schema_version": 0,
          "attributes": {
            "binary_data": null,
            "data": {
              "DATABASE_URL": "bXlzcWw6Ly9yb290OnJvb3RAZGI6MzMwNi9teV9kYXRhYmFzZQ==",
              "MYSQL_PASSWORD": "cm9vdA==",
              "MYSQL_ROOT_PASSWORD": "cm9vdA==",
              "TLS_CERT": "LS0tLS1CRUdJTiBDRVJUSUZJQ0FURS0tLS0tCk1JSURGekNDQWYrZ0F3SUJBZ0lVTEZpTHR0czR6VUJVbWlrQmJLNG9uVTJYSnFBd0RRWUpLb1pJaHZjTkFRRUwKQlFBd0d6RVpNQmNHQTFVRUF3d1FiWGt0ZDJWaUxXRndjQzVzYjJOaGJEQWVGdzB5TkRBNE1Ea3hNekU0TURoYQpGdzB5TlRBNE1Ea3hNekU0TURoYU1Cc3hHVEFYQmdOVkJBTU1FRzE1TFhkbFlpMWhjSEF1Ykc5allXd3dnZ0VpCk1BMEdDU3FHU0liM0RRRUJBUVVBQTRJQkR3QXdnZ0VLQW9JQkFRRGQvOW9OVVZ4ZzNLTUVqbms5aExOQ3NsNWgKem9WWjJvOGFpc01FSXlXYVIvUjFKK3c1YnpWUzU3anFSbkJLdGRZYVhOL25SYnNlNTI5blpUa1NGcHBQNnNJWgp4WndGMlZsdFRsSFpaKzdBMVFOTURDKzJ5V2ZVQ0prM2U4T3ZDQ3BuZTFZa3RlZFRiY3pMeEIwUmVaSUY2Yy9SCnlQOHZUekh4V1VyREMrUkZCcFlpUlFnZG4wK2dTU3cvTTFTbDJ3VlFKYUp0ejAwRllDdmpPcldqUG1PWVV4TCsKRERMUlRqOExNdGNFWVJ6ZWhieGhjeXJqRllaT05XeGFnVVJMWFhVbGs5V3JhSXVXa29OdEtUb3VjSFJXdmJLbApxMHNjbVBzS1BQcHBITHp1ZStjRWpzSWJRay8zS2JycWI1R2ZtVzhMTmMwa2RIWTJJZkdMSG82emR3eUpBZ01CCkFBR2pVekJSTUIwR0ExVWREZ1FXQkJTYkNLSXZFSVRNa3BkRUxlR29pUW9aWFk4NFNEQWZCZ05WSFNNRUdEQVcKZ0JTYkNLSXZFSVRNa3BkRUxlR29pUW9aWFk4NFNEQVBCZ05WSFJNQkFmOEVCVEFEQVFIL01BMEdDU3FHU0liMwpEUUVCQ3dVQUE0SUJBUUNwdmlQREJBL21MVlA1eDBnQkkzZ3ZTTG1XY3hndmY1QUhtT2wrT2xETG9acGJyemlYClRIMDQ3Ky9XZUlZSGI1Y0E3b2hPTkdlQUI2bm94OXZ4RTF2UThkUkNZWWlvZ0NZWVQvTTF1SjBSRmRETDAwNmoKamZkOHZLSzBkUW5pWFdoN1FqVG0ycHQzd3d3WTBQRmp3d1JXVnIwbC9pVTI3VTlxdjlROFZLQnpDb3pSS2V1QgptZmlmbWhXTGFTRVhmN1ZjeGMycVJpdXU1Q3lIQ29JVEZFL0JMTlZEWlBSMXg0VEdKZHRxZXdzUUVlQzlybHRqCithMDQ3Z3VnWk1DL055VUtieHhySis1U05HeXhUaDMzdHhBdERLVXdxbTJ0M25CT2tGUGhKamhJcndCZWhLUGQKK3RzWUlqanpoNEVpa1JmMkhEcFQyUlVQOWhocHFqNHVjQU9oCi0tLS0tRU5EIENFUlRJRklDQVRFLS0tLS0K",
              "TLS_PRIVATE_KEY": "LS0tLS1CRUdJTiBQUklWQVRFIEtFWS0tLS0tCk1JSUV2UUlCQURBTkJna3Foa2lHOXcwQkFRRUZBQVNDQktjd2dnU2pBZ0VBQW9JQkFRRGQvOW9OVVZ4ZzNLTUUKam5rOWhMTkNzbDVoem9WWjJvOGFpc01FSXlXYVIvUjFKK3c1YnpWUzU3anFSbkJLdGRZYVhOL25SYnNlNTI5bgpaVGtTRnBwUDZzSVp4WndGMlZsdFRsSFpaKzdBMVFOTURDKzJ5V2ZVQ0prM2U4T3ZDQ3BuZTFZa3RlZFRiY3pMCnhCMFJlWklGNmMvUnlQOHZUekh4V1VyREMrUkZCcFlpUlFnZG4wK2dTU3cvTTFTbDJ3VlFKYUp0ejAwRllDdmoKT3JXalBtT1lVeEwrRERMUlRqOExNdGNFWVJ6ZWhieGhjeXJqRllaT05XeGFnVVJMWFhVbGs5V3JhSXVXa29OdApLVG91Y0hSV3ZiS2xxMHNjbVBzS1BQcHBITHp1ZStjRWpzSWJRay8zS2JycWI1R2ZtVzhMTmMwa2RIWTJJZkdMCkhvNnpkd3lKQWdNQkFBRUNnZ0VBRTNKdk9vMXZCemtzdXFCMGRIUWtjK3BHSkZGQUV6LzNHejhlbUVVdjdSVHkKa0RUQUY4UHJLdWtMcE5JbzBoS2R2ODkwK2NCOUJOY0hSa3B5dG1mdWVxTzQveUwxYVBuQ1FMWUVxNFBVUVdZbgpsTWpZZ1MyaGY4eUZCM3c3QnlFeS9iK3JLeW9ZS3BIS3grclZGUXZPUStCWWlTc1BWNmliV21ZVkM0TUdLeG1mCjFzQ0dBTUlhemxKdWRjaUZXQjU0QW9lZUJGYVZtSStveURZMmZBS0o1c3VWaUE4K08xZEV2L29ZMDAwSzZlSloKYk44TFBjMm9KQk9Vc2FZOE1Od20rYzEzZituRGlJMU5VR1U5Tk1Hd1c1blNxbDJqeGpDUG0zakFHSEhxNnRSVgozZmdBU2l4TjdqaGRHQ0dPK1crQ1lUUTQ4QjBuK1U3WHlkanVWV2hyMFFLQmdRRHZtSHdMY2RES2lBYnE2NjlRCm9BeThyTzgwV2d4a25aT1FYL3hqK2ZoNU9tWnBBVFhGQVlIc3RHZDQ2WG00alRucElwU2hsY0ZZbVpGWGozWkYKWjY3QTVNb3owRkFzRjhhNU5mKzRmdGNqQzJsSzFaSnJ4OHZuN1U3WkNQaVJTckhpc1UvcmpFT21xZUNKZHk0NgpyaXBYMlRPOUVoOGJFejY0WlJwdkt0QnZqUUtCZ1FEdE12TUF6am9CUTE1RXRLTUx0Vjc2UHVYMlpUOTBkZ00zCmYrWTRPKzhDc3ZCWnZTQlpSZ2hXZWFDUmk4VmI1SjFwOUlPblhSTDgrcDRTVkpFQUZ0Qko4dWs3OG41M3ZTL2IKK2ZVMzdvV3hNcDR4VUVqQjZJLytTWXpsUWVoYmFKcmFRd1VnQ2FPOERUSGJsdVk4QXBTQzJpTEpZUWlGV0FFWQpZelZNc0oyajdRS0JnUUNuendmS1NEdnhMaGFTUU9JNE9QRFMwTmgwdFVFSzAyYS83c3BxQjNEbEQyY2MwbEVqCm15dXhhcVV5Qld4UU92RzlmSS9YSUhrYm9lc3ZCWGJUbzR1ODVFRk95dTdzQXZjWFQxKzhpM0lJeEh4SmdvNGIKMlFMU2ZONEZtb2ZsMHdnRit5UTdtTERsTVFQbm84YUlLT1hWUTNZK1RVdmwvYk9uR0lETUxaTnhIUUtCZ0FYSgppM0pHbGRXNERoSEJFb1ZUbklpZ2hqM1h4SStUM1lvNkhhVGJtWDVJWFdMaklXbnNNb0hobjlCTlI3aHhRSUg0ClRFb0dGRk9GemR1R29xOE0zM0llY2lCYlQwaWVuZzlRN3ZHNWFSdWtyNFZtZncvMEc2ZEpwaDFsMlVSNXJlV0wKWXhHZ0NwV3BBTUZwMGg0K3RkN25jWmZXUFQzN29yTTBvSFZKamQ4VkFvR0FXSzhtN3Y3ek9CSlJlVUJkKzk4eAo1VkFXUEdybEVUVEVCeDJCQWZLL2V2NkxZNS94Z3VPeS9hQm9leStTYkppVk9CZm4xWC9QS1lPMTNaVkljU1BnCnp3NVk3OTBSMmJVWWxmUU5LdzZzY0tVdGNqUlJQYVpHZE1KNm5JZjFQT0FJM2xCMW15OVp6MjQxMnlBamMyMVgKMjM1MExSYVFtRjAycEw1bXhPRnh0eGM9Ci0tLS0tRU5EIFBSSVZBVEUgS0VZLS0tLS0K"
            },
            "id": "app/app-secret",
            "immutable": false,
            "metadata": [
              {
                "annotations": {},
                "generate_name": "",
                "generation": 0,
                "labels": {},
                "name": "app-secret",
                "namespace": "app",
                "resource_version": "73782",
                "uid": "c57d8327-0aa3-423c-8221-465800ef3518"
              }
            ],
            "timeouts": null,
            "type": "Opaque",
            "wait_for_service_account_token": true
          },
          "sensitive_attributes": [],
          "private": "eyJlMmJmYjczMC1lY2FhLTExZTYtOGY4OC0zNDM2M2JjN2M0YzAiOnsiY3JlYXRlIjo2MDAwMDAwMDAwMH19",
          "dependencies": [
            "kubernetes_namespace.app"
          ]
        }
      ]
    },
    {
      "mode": "managed",
      "type": "kubernetes_service",
      "name": "app_service",
      "provider": "provider[\"registry.terraform.io/hashicorp/kubernetes\"]",
      "instances": [
        {
          "schema_version": 1,
          "attributes": {
            "id": "app/app-service",
            "metadata": [
              {
                "annotations": {},
                "generate_name": "",
                "generation": 0,
                "labels": {},
                "name": "app-service",
                "namespace": "app",
                "resource_version": "73316",
                "uid": "021d8050-448c-453a-aa1b-f4d8085182bf"
              }
            ],
            "spec": [
              {
                "allocate_load_balancer_node_ports": true,
                "cluster_ip": "10.106.111.252",
                "cluster_ips": [
                  "10.106.111.252"
                ],
                "external_ips": [],
                "external_name": "",
                "external_traffic_policy": "Cluster",
                "health_check_node_port": 0,
                "internal_traffic_policy": "Cluster",
                "ip_families": [
                  "IPv4"
                ],
                "ip_family_policy": "SingleStack",
                "load_balancer_class": "",
                "load_balancer_ip": "",
                "load_balancer_source_ranges": [],
                "port": [
                  {
                    "app_protocol": "",
                    "name": "",
                    "node_port": 30001,
                    "port": 80,
                    "protocol": "TCP",
                    "target_port": "80"
                  }
                ],
                "publish_not_ready_addresses": false,
                "selector": {
                  "app": "app"
                },
                "session_affinity": "None",
                "session_affinity_config": [],
                "type": "NodePort"
              }
            ],
            "status": [
              {
                "load_balancer": [
                  {
                    "ingress": []
                  }
                ]
              }
            ],
            "timeouts": null,
            "wait_for_load_balancer": true
          },
          "sensitive_attributes": [],
          "private": "eyJlMmJmYjczMC1lY2FhLTExZTYtOGY4OC0zNDM2M2JjN2M0YzAiOnsiY3JlYXRlIjo2MDAwMDAwMDAwMDB9LCJzY2hlbWFfdmVyc2lvbiI6IjEifQ==",
          "dependencies": [
            "kubernetes_namespace.app"
          ]
        }
      ]
    },
    {
      "mode": "managed",
      "type": "kubernetes_service",
      "name": "db_service",
      "provider": "provider[\"registry.terraform.io/hashicorp/kubernetes\"]",
      "instances": [
        {
          "schema_version": 1,
          "attributes": {
            "id": "app/db",
            "metadata": [
              {
                "annotations": {},
                "generate_name": "",
                "generation": 0,
                "labels": {
                  "app": "app-db"
                },
                "name": "db",
                "namespace": "app",
                "resource_version": "73308",
                "uid": "17fae45a-cc4d-4dd5-867d-9edae9196841"
              }
            ],
            "spec": [
              {
                "allocate_load_balancer_node_ports": true,
                "cluster_ip": "10.109.91.205",
                "cluster_ips": [
                  "10.109.91.205"
                ],
                "external_ips": [],
                "external_name": "",
                "external_traffic_policy": "",
                "health_check_node_port": 0,
                "internal_traffic_policy": "Cluster",
                "ip_families": [
                  "IPv4"
                ],
                "ip_family_policy": "SingleStack",
                "load_balancer_class": "",
                "load_balancer_ip": "",
                "load_balancer_source_ranges": [],
                "port": [
                  {
                    "app_protocol": "",
                    "name": "",
                    "node_port": 0,
                    "port": 3306,
                    "protocol": "TCP",
                    "target_port": "3306"
                  }
                ],
                "publish_not_ready_addresses": false,
                "selector": {
                  "app": "app-db"
                },
                "session_affinity": "None",
                "session_affinity_config": [],
                "type": "ClusterIP"
              }
            ],
            "status": [
              {
                "load_balancer": [
                  {
                    "ingress": []
                  }
                ]
              }
            ],
            "timeouts": null,
            "wait_for_load_balancer": true
          },
          "sensitive_attributes": [],
          "private": "eyJlMmJmYjczMC1lY2FhLTExZTYtOGY4OC0zNDM2M2JjN2M0YzAiOnsiY3JlYXRlIjo2MDAwMDAwMDAwMDB9LCJzY2hlbWFfdmVyc2lvbiI6IjEifQ==",
          "dependencies": [
            "kubernetes_namespace.app"
          ]
        }
      ]
    }
  ],
  "check_results": null
}
